
Microsoft Visual Studio Solution File, Format Version 12.00
# Visual Studio Version 16
VisualStudioVersion = 16.0.29519.181
MinimumVisualStudioVersion = 10.0.40219.1
Project("{9A19103F-16F7-4668-BE54-9A1E7A4F7556}") = "Shop.Common", "Web.Common\Shop.Common.csproj", "{57F297F8-4F27-4BDD-82D9-49FF1CC6060B}"
EndProject
Project("{9A19103F-16F7-4668-BE54-9A1E7A4F7556}") = "Shop.Web", "Shop.Web\Shop.Web.csproj", "{05EB1A32-15A5-4CE6-BAE1-9F1FF5ACE11F}"
EndProject
Project("{2150E333-8FDC-42A3-9474-1A3956D46DE8}") = "FrontEnd", "FrontEnd", "{E4A12A99-9992-40C1-AB67-5B33FC75E459}"
EndProject
Project("{2150E333-8FDC-42A3-9474-1A3956D46DE8}") = "BackEnd", "BackEnd", "{28BFE002-55B8-4729-BC1B-A2B8B718C0C2}"
EndProject
Project("{2150E333-8FDC-42A3-9474-1A3956D46DE8}") = "Classic", "Classic", "{0C3600B2-227D-4F56-BC02-227CA4742B19}"
EndProject
Project("{2150E333-8FDC-42A3-9474-1A3956D46DE8}") = "Forms", "Forms", "{F0B91EFE-D751-4157-BEE6-2739BA12C44F}"
EndProject
Project("{9A19103F-16F7-4668-BE54-9A1E7A4F7556}") = "Shop.UIClassic", "Shop.UIClassic\Shop.UIClassic.csproj", "{DC1EEC8E-6D50-4CA7-AF08-654B3394A752}"
EndProject
Project("{FAE04EC0-301F-11D3-BF4B-00C04F79EFBC}") = "Shop.UIClassic.Android", "Shop.UIClassic.Android\Shop.UIClassic.Android.csproj", "{950578DC-B1FF-4334-9020-FF77C22274D1}"
EndProject
Project("{FAE04EC0-301F-11D3-BF4B-00C04F79EFBC}") = "Shop.UIClassic.iOS", "Shop.UIClassic.iOS\Shop.UIClassic.iOS.csproj", "{477E6588-790C-4879-BDAC-9B113AD7977B}"
EndProject
Project("{FAE04EC0-301F-11D3-BF4B-00C04F79EFBC}") = "Shop.UIForms.Android", "Shop.UIForms\Shop.UIForms.Android\Shop.UIForms.Android.csproj", "{B1813C15-BFE8-408E-8F57-65410D79A5F4}"
EndProject
Project("{FAE04EC0-301F-11D3-BF4B-00C04F79EFBC}") = "Shop.UIForms.iOS", "Shop.UIForms\Shop.UIForms.iOS\Shop.UIForms.iOS.csproj", "{58302891-135A-499C-8C79-24788B20FC99}"
EndProject
Project("{9A19103F-16F7-4668-BE54-9A1E7A4F7556}") = "Shop.UIForms", "Shop.UIForms\Shop.UIForms\Shop.UIForms.csproj", "{7BD42B26-4017-4BC7-9679-D63FD7DA08B7}"
EndProject
Global
	GlobalSection(SolutionConfigurationPlatforms) = preSolution
		Debug|Any CPU = Debug|Any CPU
		Debug|iPhone = Debug|iPhone
		Debug|iPhoneSimulator = Debug|iPhoneSimulator
		Release|Any CPU = Release|Any CPU
		Release|iPhone = Release|iPhone
		Release|iPhoneSimulator = Release|iPhoneSimulator
	EndGlobalSection
	GlobalSection(ProjectConfigurationPlatforms) = postSolution
		{57F297F8-4F27-4BDD-82D9-49FF1CC6060B}.Debug|Any CPU.ActiveCfg = Debug|Any CPU
		{57F297F8-4F27-4BDD-82D9-49FF1CC6060B}.Debug|Any CPU.Build.0 = Debug|Any CPU
		{57F297F8-4F27-4BDD-82D9-49FF1CC6060B}.Debug|iPhone.ActiveCfg = Debug|Any CPU
		{57F297F8-4F27-4BDD-82D9-49FF1CC6060B}.Debug|iPhone.Build.0 = Debug|Any CPU
		{57F297F8-4F27-4BDD-82D9-49FF1CC6060B}.Debug|iPhoneSimulator.ActiveCfg = Debug|Any CPU
		{57F297F8-4F27-4BDD-82D9-49FF1CC6060B}.Debug|iPhoneSimulator.Build.0 = Debug|Any CPU
		{57F297F8-4F27-4BDD-82D9-49FF1CC6060B}.Release|Any CPU.ActiveCfg = Release|Any CPU
		{57F297F8-4F27-4BDD-82D9-49FF1CC6060B}.Release|Any CPU.Build.0 = Release|Any CPU
		{57F297F8-4F27-4BDD-82D9-49FF1CC6060B}.Release|iPhone.ActiveCfg = Release|Any CPU
		{57F297F8-4F27-4BDD-82D9-49FF1CC6060B}.Release|iPhone.Build.0 = Release|Any CPU
		{57F297F8-4F27-4BDD-82D9-49FF1CC6060B}.Release|iPhoneSimulator.ActiveCfg = Release|Any CPU
		{57F297F8-4F27-4BDD-82D9-49FF1CC6060B}.Release|iPhoneSimulator.Build.0 = Release|Any CPU
		{05EB1A32-15A5-4CE6-BAE1-9F1FF5ACE11F}.Debug|Any CPU.ActiveCfg = Debug|Any CPU
		{05EB1A32-15A5-4CE6-BAE1-9F1FF5ACE11F}.Debug|Any CPU.Build.0 = Debug|Any CPU
		{05EB1A32-15A5-4CE6-BAE1-9F1FF5ACE11F}.Debug|iPhone.ActiveCfg = Debug|Any CPU
		{05EB1A32-15A5-4CE6-BAE1-9F1FF5ACE11F}.Debug|iPhone.Build.0 = Debug|Any CPU
		{05EB1A32-15A5-4CE6-BAE1-9F1FF5ACE11F}.Debug|iPhoneSimulator.ActiveCfg = Debug|Any CPU
		{05EB1A32-15A5-4CE6-BAE1-9F1FF5ACE11F}.Debug|iPhoneSimulator.Build.0 = Debug|Any CPU
		{05EB1A32-15A5-4CE6-BAE1-9F1FF5ACE11F}.Release|Any CPU.ActiveCfg = Release|Any CPU
		{05EB1A32-15A5-4CE6-BAE1-9F1FF5ACE11F}.Release|Any CPU.Build.0 = Release|Any CPU
		{05EB1A32-15A5-4CE6-BAE1-9F1FF5ACE11F}.Release|iPhone.ActiveCfg = Release|Any CPU
		{05EB1A32-15A5-4CE6-BAE1-9F1FF5ACE11F}.Release|iPhone.Build.0 = Release|Any CPU
		{05EB1A32-15A5-4CE6-BAE1-9F1FF5ACE11F}.Release|iPhoneSimulator.ActiveCfg = Release|Any CPU
		{05EB1A32-15A5-4CE6-BAE1-9F1FF5ACE11F}.Release|iPhoneSimulator.Build.0 = Release|Any CPU
		{DC1EEC8E-6D50-4CA7-AF08-654B3394A752}.Debug|Any CPU.ActiveCfg = Debug|Any CPU
		{DC1EEC8E-6D50-4CA7-AF08-654B3394A752}.Debug|Any CPU.Build.0 = Debug|Any CPU
		{DC1EEC8E-6D50-4CA7-AF08-654B3394A752}.Debug|iPhone.ActiveCfg = Debug|Any CPU
		{DC1EEC8E-6D50-4CA7-AF08-654B3394A752}.Debug|iPhone.Build.0 = Debug|Any CPU
		{DC1EEC8E-6D50-4CA7-AF08-654B3394A752}.Debug|iPhoneSimulator.ActiveCfg = Debug|Any CPU
		{DC1EEC8E-6D50-4CA7-AF08-654B3394A752}.Debug|iPhoneSimulator.Build.0 = Debug|Any CPU
		{DC1EEC8E-6D50-4CA7-AF08-654B3394A752}.Release|Any CPU.ActiveCfg = Release|Any CPU
		{DC1EEC8E-6D50-4CA7-AF08-654B3394A752}.Release|Any CPU.Build.0 = Release|Any CPU
		{DC1EEC8E-6D50-4CA7-AF08-654B3394A752}.Release|iPhone.ActiveCfg = Release|Any CPU
		{DC1EEC8E-6D50-4CA7-AF08-654B3394A752}.Release|iPhone.Build.0 = Release|Any CPU
		{DC1EEC8E-6D50-4CA7-AF08-654B3394A752}.Release|iPhoneSimulator.ActiveCfg = Release|Any CPU
		{DC1EEC8E-6D50-4CA7-AF08-654B3394A752}.Release|iPhoneSimulator.Build.0 = Release|Any CPU
		{950578DC-B1FF-4334-9020-FF77C22274D1}.Debug|Any CPU.ActiveCfg = Debug|Any CPU
		{950578DC-B1FF-4334-9020-FF77C22274D1}.Debug|Any CPU.Build.0 = Debug|Any CPU
		{950578DC-B1FF-4334-9020-FF77C22274D1}.Debug|Any CPU.Deploy.0 = Debug|Any CPU
		{950578DC-B1FF-4334-9020-FF77C22274D1}.Debug|iPhone.ActiveCfg = Debug|Any CPU
		{950578DC-B1FF-4334-9020-FF77C22274D1}.Debug|iPhone.Build.0 = Debug|Any CPU
		{950578DC-B1FF-4334-9020-FF77C22274D1}.Debug|iPhone.Deploy.0 = Debug|Any CPU
		{950578DC-B1FF-4334-9020-FF77C22274D1}.Debug|iPhoneSimulator.ActiveCfg = Debug|Any CPU
		{950578DC-B1FF-4334-9020-FF77C22274D1}.Debug|iPhoneSimulator.Build.0 = Debug|Any CPU
		{950578DC-B1FF-4334-9020-FF77C22274D1}.Debug|iPhoneSimulator.Deploy.0 = Debug|Any CPU
		{950578DC-B1FF-4334-9020-FF77C22274D1}.Release|Any CPU.ActiveCfg = Release|Any CPU
		{950578DC-B1FF-4334-9020-FF77C22274D1}.Release|Any CPU.Build.0 = Release|Any CPU
		{950578DC-B1FF-4334-9020-FF77C22274D1}.Release|Any CPU.Deploy.0 = Release|Any CPU
		{950578DC-B1FF-4334-9020-FF77C22274D1}.Release|iPhone.ActiveCfg = Release|Any CPU
		{950578DC-B1FF-4334-9020-FF77C22274D1}.Release|iPhone.Build.0 = Release|Any CPU
		{950578DC-B1FF-4334-9020-FF77C22274D1}.Release|iPhone.Deploy.0 = Release|Any CPU
		{950578DC-B1FF-4334-9020-FF77C22274D1}.Release|iPhoneSimulator.ActiveCfg = Release|Any CPU
		{950578DC-B1FF-4334-9020-FF77C22274D1}.Release|iPhoneSimulator.Build.0 = Release|Any CPU
		{950578DC-B1FF-4334-9020-FF77C22274D1}.Release|iPhoneSimulator.Deploy.0 = Release|Any CPU
		{477E6588-790C-4879-BDAC-9B113AD7977B}.Debug|Any CPU.ActiveCfg = Debug|iPhone
		{477E6588-790C-4879-BDAC-9B113AD7977B}.Debug|iPhone.ActiveCfg = Debug|iPhone
		{477E6588-790C-4879-BDAC-9B113AD7977B}.Debug|iPhone.Build.0 = Debug|iPhone
		{477E6588-790C-4879-BDAC-9B113AD7977B}.Debug|iPhoneSimulator.ActiveCfg = Debug|iPhoneSimulator
		{477E6588-790C-4879-BDAC-9B113AD7977B}.Debug|iPhoneSimulator.Build.0 = Debug|iPhoneSimulator
		{477E6588-790C-4879-BDAC-9B113AD7977B}.Release|Any CPU.ActiveCfg = Release|iPhone
		{477E6588-790C-4879-BDAC-9B113AD7977B}.Release|iPhone.ActiveCfg = Release|iPhone
		{477E6588-790C-4879-BDAC-9B113AD7977B}.Release|iPhone.Build.0 = Release|iPhone
		{477E6588-790C-4879-BDAC-9B113AD7977B}.Release|iPhoneSimulator.ActiveCfg = Release|iPhoneSimulator
		{477E6588-790C-4879-BDAC-9B113AD7977B}.Release|iPhoneSimulator.Build.0 = Release|iPhoneSimulator
		{B1813C15-BFE8-408E-8F57-65410D79A5F4}.Debug|Any CPU.ActiveCfg = Debug|Any CPU
		{B1813C15-BFE8-408E-8F57-65410D79A5F4}.Debug|Any CPU.Build.0 = Debug|Any CPU
		{B1813C15-BFE8-408E-8F57-65410D79A5F4}.Debug|Any CPU.Deploy.0 = Debug|Any CPU
		{B1813C15-BFE8-408E-8F57-65410D79A5F4}.Debug|iPhone.ActiveCfg = Debug|Any CPU
		{B1813C15-BFE8-408E-8F57-65410D79A5F4}.Debug|iPhone.Build.0 = Debug|Any CPU
		{B1813C15-BFE8-408E-8F57-65410D79A5F4}.Debug|iPhone.Deploy.0 = Debug|Any CPU
		{B1813C15-BFE8-408E-8F57-65410D79A5F4}.Debug|iPhoneSimulator.ActiveCfg = Debug|Any CPU
		{B1813C15-BFE8-408E-8F57-65410D79A5F4}.Debug|iPhoneSimulator.Build.0 = Debug|Any CPU
		{B1813C15-BFE8-408E-8F57-65410D79A5F4}.Debug|iPhoneSimulator.Deploy.0 = Debug|Any CPU
		{B1813C15-BFE8-408E-8F57-65410D79A5F4}.Release|Any CPU.ActiveCfg = Release|Any CPU
		{B1813C15-BFE8-408E-8F57-65410D79A5F4}.Release|Any CPU.Build.0 = Release|Any CPU
		{B1813C15-BFE8-408E-8F57-65410D79A5F4}.Release|Any CPU.Deploy.0 = Release|Any CPU
		{B1813C15-BFE8-408E-8F57-65410D79A5F4}.Release|iPhone.ActiveCfg = Release|Any CPU
		{B1813C15-BFE8-408E-8F57-65410D79A5F4}.Release|iPhone.Build.0 = Release|Any CPU
		{B1813C15-BFE8-408E-8F57-65410D79A5F4}.Release|iPhone.Deploy.0 = Release|Any CPU
		{B1813C15-BFE8-408E-8F57-65410D79A5F4}.Release|iPhoneSimulator.ActiveCfg = Release|Any CPU
		{B1813C15-BFE8-408E-8F57-65410D79A5F4}.Release|iPhoneSimulator.Build.0 = Release|Any CPU
		{B1813C15-BFE8-408E-8F57-65410D79A5F4}.Release|iPhoneSimulator.Deploy.0 = Release|Any CPU
		{58302891-135A-499C-8C79-24788B20FC99}.Debug|Any CPU.ActiveCfg = Debug|iPhone
		{58302891-135A-499C-8C79-24788B20FC99}.Debug|iPhone.ActiveCfg = Debug|iPhone
		{58302891-135A-499C-8C79-24788B20FC99}.Debug|iPhone.Build.0 = Debug|iPhone
		{58302891-135A-499C-8C79-24788B20FC99}.Debug|iPhoneSimulator.ActiveCfg = Debug|iPhoneSimulator
		{58302891-135A-499C-8C79-24788B20FC99}.Debug|iPhoneSimulator.Build.0 = Debug|iPhoneSimulator
		{58302891-135A-499C-8C79-24788B20FC99}.Release|Any CPU.ActiveCfg = Release|iPhone
		{58302891-135A-499C-8C79-24788B20FC99}.Release|iPhone.ActiveCfg = Release|iPhone
		{58302891-135A-499C-8C79-24788B20FC99}.Release|iPhone.Build.0 = Release|iPhone
		{58302891-135A-499C-8C79-24788B20FC99}.Release|iPhoneSimulator.ActiveCfg = Release|iPhoneSimulator
		{58302891-135A-499C-8C79-24788B20FC99}.Release|iPhoneSimulator.Build.0 = Release|iPhoneSimulator
		{7BD42B26-4017-4BC7-9679-D63FD7DA08B7}.Debug|Any CPU.ActiveCfg = Debug|Any CPU
		{7BD42B26-4017-4BC7-9679-D63FD7DA08B7}.Debug|Any CPU.Build.0 = Debug|Any CPU
		{7BD42B26-4017-4BC7-9679-D63FD7DA08B7}.Debug|iPhone.ActiveCfg = Debug|Any CPU
		{7BD42B26-4017-4BC7-9679-D63FD7DA08B7}.Debug|iPhone.Build.0 = Debug|Any CPU
		{7BD42B26-4017-4BC7-9679-D63FD7DA08B7}.Debug|iPhoneSimulator.ActiveCfg = Debug|Any CPU
		{7BD42B26-4017-4BC7-9679-D63FD7DA08B7}.Debug|iPhoneSimulator.Build.0 = Debug|Any CPU
		{7BD42B26-4017-4BC7-9679-D63FD7DA08B7}.Release|Any CPU.ActiveCfg = Release|Any CPU
		{7BD42B26-4017-4BC7-9679-D63FD7DA08B7}.Release|Any CPU.Build.0 = Release|Any CPU
		{7BD42B26-4017-4BC7-9679-D63FD7DA08B7}.Release|iPhone.ActiveCfg = Release|Any CPU
		{7BD42B26-4017-4BC7-9679-D63FD7DA08B7}.Release|iPhone.Build.0 = Release|Any CPU
		{7BD42B26-4017-4BC7-9679-D63FD7DA08B7}.Release|iPhoneSimulator.ActiveCfg = Release|Any CPU
		{7BD42B26-4017-4BC7-9679-D63FD7DA08B7}.Release|iPhoneSimulator.Build.0 = Release|Any CPU
	EndGlobalSection
	GlobalSection(SolutionProperties) = preSolution
		HideSolutionNode = FALSE
	EndGlobalSection
	GlobalSection(NestedProjects) = preSolution
		{05EB1A32-15A5-4CE6-BAE1-9F1FF5ACE11F} = {28BFE002-55B8-4729-BC1B-A2B8B718C0C2}
		{0C3600B2-227D-4F56-BC02-227CA4742B19} = {E4A12A99-9992-40C1-AB67-5B33FC75E459}
		{F0B91EFE-D751-4157-BEE6-2739BA12C44F} = {E4A12A99-9992-40C1-AB67-5B33FC75E459}
		{DC1EEC8E-6D50-4CA7-AF08-654B3394A752} = {0C3600B2-227D-4F56-BC02-227CA4742B19}
		{950578DC-B1FF-4334-9020-FF77C22274D1} = {0C3600B2-227D-4F56-BC02-227CA4742B19}
		{477E6588-790C-4879-BDAC-9B113AD7977B} = {0C3600B2-227D-4F56-BC02-227CA4742B19}
		{B1813C15-BFE8-408E-8F57-65410D79A5F4} = {F0B91EFE-D751-4157-BEE6-2739BA12C44F}
		{58302891-135A-499C-8C79-24788B20FC99} = {F0B91EFE-D751-4157-BEE6-2739BA12C44F}
		{7BD42B26-4017-4BC7-9679-D63FD7DA08B7} = {F0B91EFE-D751-4157-BEE6-2739BA12C44F}
	EndGlobalSection
	GlobalSection(ExtensibilityGlobals) = postSolution
		RESX_PrefixTranslations = False
		SolutionGuid = {65A88767-F6B8-41D1-9295-545915B3ECD5}
	EndGlobalSection
EndGlobal
